
Microsoft Visual Studio Solution File, Format Version 12.00
# Visual Studio 15
VisualStudioVersion = 15.0.27130.2024
MinimumVisualStudioVersion = 10.0.40219.1
Project("{FAE04EC0-301F-11D3-BF4B-00C04F79EFBC}") = "Stocks", "Stocks\Stocks.csproj", "{018D2434-4091-4954-8C9E-976EAD63E0AD}"
EndProject
Project("{FAE04EC0-301F-11D3-BF4B-00C04F79EFBC}") = "Monitor", "Monitor\Monitor.csproj", "{BCCC810C-4905-4419-905E-DCB3C10E0401}"
EndProject
Project("{FAE04EC0-301F-11D3-BF4B-00C04F79EFBC}") = "Listener", "Listener\Listener.csproj", "{E9BE7CBB-1B25-489A-BD98-15C98E60A71C}"
EndProject
Global
	GlobalSection(SolutionConfigurationPlatforms) = preSolution
		Debug|Any CPU = Debug|Any CPU
		Release|Any CPU = Release|Any CPU
	EndGlobalSection
	GlobalSection(ProjectConfigurationPlatforms) = postSolution
		{018D2434-4091-4954-8C9E-976EAD63E0AD}.Debug|Any CPU.ActiveCfg = Debug|Any CPU
		{018D2434-4091-4954-8C9E-976EAD63E0AD}.Debug|Any CPU.Build.0 = Debug|Any CPU
		{018D2434-4091-4954-8C9E-976EAD63E0AD}.Release|Any CPU.ActiveCfg = Release|Any CPU
		{018D2434-4091-4954-8C9E-976EAD63E0AD}.Release|Any CPU.Build.0 = Release|Any CPU
		{BCCC810C-4905-4419-905E-DCB3C10E0401}.Debug|Any CPU.ActiveCfg = Debug|Any CPU
		{BCCC810C-4905-4419-905E-DCB3C10E0401}.Debug|Any CPU.Build.0 = Debug|Any CPU
		{BCCC810C-4905-4419-905E-DCB3C10E0401}.Release|Any CPU.ActiveCfg = Release|Any CPU
		{BCCC810C-4905-4419-905E-DCB3C10E0401}.Release|Any CPU.Build.0 = Release|Any CPU
		{E9BE7CBB-1B25-489A-BD98-15C98E60A71C}.Debug|Any CPU.ActiveCfg = Debug|Any CPU
		{E9BE7CBB-1B25-489A-BD98-15C98E60A71C}.Debug|Any CPU.Build.0 = Debug|Any CPU
		{E9BE7CBB-1B25-489A-BD98-15C98E60A71C}.Release|Any CPU.ActiveCfg = Release|Any CPU
		{E9BE7CBB-1B25-489A-BD98-15C98E60A71C}.Release|Any CPU.Build.0 = Release|Any CPU
	EndGlobalSection
	GlobalSection(SolutionProperties) = preSolution
		HideSolutionNode = FALSE
	EndGlobalSection
	GlobalSection(ExtensibilityGlobals) = postSolution
		SolutionGuid = {63958C00-2777-4F6D-819B-069277F58C9E}
	EndGlobalSection
EndGlobal
